
Microsoft Visual Studio Solution File, Format Version 12.00
# Visual Studio Version 16
VisualStudioVersion = 16.0.29025.244
MinimumVisualStudioVersion = 10.0.40219.1
Project("{FAE04EC0-301F-11D3-BF4B-00C04F79EFBC}") = "Shapes", "Shapes\Shapes.csproj", "{D3CAD368-FF38-4C3F-A8F1-2E9F6FF1E7F1}"
EndProject
Project("{FAE04EC0-301F-11D3-BF4B-00C04F79EFBC}") = "ShapesTest", "ShapesTest\ShapesTest.csproj", "{38CE99F2-8E00-4D3D-AE5B-8B9399C6D5A2}"
EndProject
Project("{FAE04EC0-301F-11D3-BF4B-00C04F79EFBC}") = "ShapeMaker", "ShapeMaker\ShapeMaker.csproj", "{89FC92F0-A2DE-45D0-93BD-6FF0A494585A}"
EndProject
Global
	GlobalSection(SolutionConfigurationPlatforms) = preSolution
		Debug|Any CPU = Debug|Any CPU
		Release|Any CPU = Release|Any CPU
	EndGlobalSection
	GlobalSection(ProjectConfigurationPlatforms) = postSolution
		{D3CAD368-FF38-4C3F-A8F1-2E9F6FF1E7F1}.Debug|Any CPU.ActiveCfg = Debug|Any CPU
		{D3CAD368-FF38-4C3F-A8F1-2E9F6FF1E7F1}.Debug|Any CPU.Build.0 = Debug|Any CPU
		{D3CAD368-FF38-4C3F-A8F1-2E9F6FF1E7F1}.Release|Any CPU.ActiveCfg = Release|Any CPU
		{D3CAD368-FF38-4C3F-A8F1-2E9F6FF1E7F1}.Release|Any CPU.Build.0 = Release|Any CPU
		{38CE99F2-8E00-4D3D-AE5B-8B9399C6D5A2}.Debug|Any CPU.ActiveCfg = Debug|Any CPU
		{38CE99F2-8E00-4D3D-AE5B-8B9399C6D5A2}.Debug|Any CPU.Build.0 = Debug|Any CPU
		{38CE99F2-8E00-4D3D-AE5B-8B9399C6D5A2}.Release|Any CPU.ActiveCfg = Release|Any CPU
		{38CE99F2-8E00-4D3D-AE5B-8B9399C6D5A2}.Release|Any CPU.Build.0 = Release|Any CPU
		{89FC92F0-A2DE-45D0-93BD-6FF0A494585A}.Debug|Any CPU.ActiveCfg = Debug|Any CPU
		{89FC92F0-A2DE-45D0-93BD-6FF0A494585A}.Debug|Any CPU.Build.0 = Debug|Any CPU
		{89FC92F0-A2DE-45D0-93BD-6FF0A494585A}.Release|Any CPU.ActiveCfg = Release|Any CPU
		{89FC92F0-A2DE-45D0-93BD-6FF0A494585A}.Release|Any CPU.Build.0 = Release|Any CPU
	EndGlobalSection
	GlobalSection(SolutionProperties) = preSolution
		HideSolutionNode = FALSE
	EndGlobalSection
	GlobalSection(ExtensibilityGlobals) = postSolution
		SolutionGuid = {1103ABF4-6A32-41E8-A7D5-3B673E02F192}
	EndGlobalSection
EndGlobal
